
Microsoft Visual Studio Solution File, Format Version 12.00
# Visual Studio Version 16
VisualStudioVersion = 16.0.29009.5
MinimumVisualStudioVersion = 10.0.40219.1
Project("{9A19103F-16F7-4668-BE54-9A1E7A4F7556}") = "ABCRestaurant.Data", "ABCRestaurant.Data\ABCRestaurant.Data.csproj", "{4B8D6A93-7C10-42D3-ACD9-4AF767CEDC1C}"
EndProject
Project("{FAE04EC0-301F-11D3-BF4B-00C04F79EFBC}") = "ABCRestaurant.Api", "ABCRestaurant.Api\ABCRestaurant.Api.csproj", "{3E18A0E6-C322-45FB-A908-6715DA3631F6}"
EndProject
Global
	GlobalSection(SolutionConfigurationPlatforms) = preSolution
		Debug|Any CPU = Debug|Any CPU
		Release|Any CPU = Release|Any CPU
	EndGlobalSection
	GlobalSection(ProjectConfigurationPlatforms) = postSolution
		{4B8D6A93-7C10-42D3-ACD9-4AF767CEDC1C}.Debug|Any CPU.ActiveCfg = Debug|Any CPU
		{4B8D6A93-7C10-42D3-ACD9-4AF767CEDC1C}.Debug|Any CPU.Build.0 = Debug|Any CPU
		{4B8D6A93-7C10-42D3-ACD9-4AF767CEDC1C}.Release|Any CPU.ActiveCfg = Release|Any CPU
		{4B8D6A93-7C10-42D3-ACD9-4AF767CEDC1C}.Release|Any CPU.Build.0 = Release|Any CPU
		{3E18A0E6-C322-45FB-A908-6715DA3631F6}.Debug|Any CPU.ActiveCfg = Debug|Any CPU
		{3E18A0E6-C322-45FB-A908-6715DA3631F6}.Debug|Any CPU.Build.0 = Debug|Any CPU
		{3E18A0E6-C322-45FB-A908-6715DA3631F6}.Release|Any CPU.ActiveCfg = Release|Any CPU
		{3E18A0E6-C322-45FB-A908-6715DA3631F6}.Release|Any CPU.Build.0 = Release|Any CPU
	EndGlobalSection
	GlobalSection(SolutionProperties) = preSolution
		HideSolutionNode = FALSE
	EndGlobalSection
	GlobalSection(ExtensibilityGlobals) = postSolution
		SolutionGuid = {15F212F1-1945-4A56-AE0B-694BBE3FE51E}
	EndGlobalSection
EndGlobal
